{
  "version": 4,
  "terraform_version": "1.15.3",
  "serial": 6,
  "lineage": "2ea8a479-6b81-9fcd-3211-e50821dea45d",
  "outputs": {
    "estimated_cost": {
      "value": "t3.medium = ~$0.04/hour. Remember to run 'terraform destroy' after demo!",
      "type": "string"
    },
    "instance_id": {
      "value": "i-04b48ea3be68f2a8f",
      "type": "string"
    },
    "public_ip": {
      "value": "3.239.192.219",
      "type": "string"
    },
    "run_mixed_command": {
      "value": "ssh ubuntu@3.239.192.219 'cd banking-peak-load-prototype \u0026\u0026 BASE_URL=https://physics-disciplines-reprint-valve.trycloudflare.com k6 run scripts/load-test/mixed.js'",
      "type": "string"
    },
    "ssh_command": {
      "value": "ssh ubuntu@3.239.192.219",
      "type": "string"
    }
  },
  "resources": [
    {
      "mode": "data",
      "type": "aws_ami",
      "name": "ubuntu",
      "provider": "provider[\"registry.terraform.io/hashicorp/aws\"]",
      "instances": [
        {
          "schema_version": 0,
          "attributes": {
            "architecture": "x86_64",
            "arn": "arn:aws:ec2:us-east-1::image/ami-02fd066b86800f60c",
            "block_device_mappings": [
              {
                "device_name": "/dev/sda1",
                "ebs": {
                  "delete_on_termination": "true",
                  "encrypted": "false",
                  "iops": "0",
                  "snapshot_id": "snap-00aeb3a85853ae8d8",
                  "throughput": "0",
                  "volume_initialization_rate": "0",
                  "volume_size": "8",
                  "volume_type": "gp2"
                },
                "no_device": "",
                "virtual_name": ""
              },
              {
                "device_name": "/dev/sdb",
                "ebs": {},
                "no_device": "",
                "virtual_name": "ephemeral0"
              },
              {
                "device_name": "/dev/sdc",
                "ebs": {},
                "no_device": "",
                "virtual_name": "ephemeral1"
              }
            ],
            "boot_mode": "uefi-preferred",
            "creation_date": "2026-05-21T07:01:35.000Z",
            "deprecation_time": "2028-05-21T07:01:35.000Z",
            "description": "Canonical, Ubuntu, 22.04, amd64 jammy image",
            "ena_support": true,
            "executable_users": null,
            "filter": [
              {
                "name": "name",
                "values": [
                  "ubuntu/images/hvm-ssd/ubuntu-jammy-22.04-amd64-server-*"
                ]
              },
              {
                "name": "virtualization-type",
                "values": [
                  "hvm"
                ]
              }
            ],
            "hypervisor": "xen",
            "id": "ami-02fd066b86800f60c",
            "image_id": "ami-02fd066b86800f60c",
            "image_location": "amazon/ubuntu/images/hvm-ssd/ubuntu-jammy-22.04-amd64-server-20260521",
            "image_owner_alias": "amazon",
            "image_type": "machine",
            "imds_support": "",
            "include_deprecated": false,
            "kernel_id": "",
            "last_launched_time": "",
            "most_recent": true,
            "name": "ubuntu/images/hvm-ssd/ubuntu-jammy-22.04-amd64-server-20260521",
            "name_regex": null,
            "owner_id": "099720109477",
            "owners": [
              "099720109477"
            ],
            "platform": "",
            "platform_details": "Linux/UNIX",
            "product_codes": [],
            "public": true,
            "ramdisk_id": "",
            "root_device_name": "/dev/sda1",
            "root_device_type": "ebs",
            "root_snapshot_id": "snap-00aeb3a85853ae8d8",
            "sriov_net_support": "simple",
            "state": "available",
            "state_reason": {
              "code": "UNSET",
              "message": "UNSET"
            },
            "tags": {},
            "timeouts": null,
            "tpm_support": "",
            "uefi_data": null,
            "usage_operation": "RunInstances",
            "virtualization_type": "hvm"
          },
          "sensitive_attributes": [],
          "identity_schema_version": 0
        }
      ]
    },
    {
      "mode": "data",
      "type": "aws_vpc",
      "name": "default",
      "provider": "provider[\"registry.terraform.io/hashicorp/aws\"]",
      "instances": [
        {
          "schema_version": 0,
          "attributes": {
            "arn": "arn:aws:ec2:us-east-1:246873540273:vpc/vpc-01426d0cb1c744cc7",
            "cidr_block": "172.31.0.0/16",
            "cidr_block_associations": [
              {
                "association_id": "vpc-cidr-assoc-0e1715ba9c2dba52a",
                "cidr_block": "172.31.0.0/16",
                "state": "associated"
              }
            ],
            "default": true,
            "dhcp_options_id": "dopt-0b342365a45e74c96",
            "enable_dns_hostnames": true,
            "enable_dns_support": true,
            "enable_network_address_usage_metrics": false,
            "filter": null,
            "id": "vpc-01426d0cb1c744cc7",
            "instance_tenancy": "default",
            "ipv6_association_id": "",
            "ipv6_cidr_block": "",
            "main_route_table_id": "rtb-028408b57610e21c8",
            "owner_id": "246873540273",
            "state": null,
            "tags": {},
            "timeouts": null
          },
          "sensitive_attributes": [],
          "identity_schema_version": 0
        }
      ]
    },
    {
      "mode": "managed",
      "type": "aws_instance",
      "name": "k6_runner",
      "provider": "provider[\"registry.terraform.io/hashicorp/aws\"]",
      "instances": [
        {
          "schema_version": 1,
          "attributes": {
            "ami": "ami-02fd066b86800f60c",
            "arn": "arn:aws:ec2:us-east-1:246873540273:instance/i-04b48ea3be68f2a8f",
            "associate_public_ip_address": true,
            "availability_zone": "us-east-1b",
            "capacity_reservation_specification": [
              {
                "capacity_reservation_preference": "open",
                "capacity_reservation_target": []
              }
            ],
            "cpu_core_count": 1,
            "cpu_options": [
              {
                "amd_sev_snp": "",
                "core_count": 1,
                "threads_per_core": 1
              }
            ],
            "cpu_threads_per_core": 1,
            "credit_specification": [
              {
                "cpu_credits": "unlimited"
              }
            ],
            "disable_api_stop": false,
            "disable_api_termination": false,
            "ebs_block_device": [],
            "ebs_optimized": false,
            "enable_primary_ipv6": null,
            "enclave_options": [
              {
                "enabled": false
              }
            ],
            "ephemeral_block_device": [],
            "get_password_data": false,
            "hibernation": false,
            "host_id": "",
            "host_resource_group_arn": null,
            "iam_instance_profile": "",
            "id": "i-04b48ea3be68f2a8f",
            "instance_initiated_shutdown_behavior": "stop",
            "instance_lifecycle": "",
            "instance_market_options": [],
            "instance_state": "running",
            "instance_type": "t2.micro",
            "ipv6_address_count": 0,
            "ipv6_addresses": [],
            "key_name": "banking-peak-load-k6-runner-key",
            "launch_template": [],
            "maintenance_options": [
              {
                "auto_recovery": "default"
              }
            ],
            "metadata_options": [
              {
                "http_endpoint": "enabled",
                "http_protocol_ipv6": "disabled",
                "http_put_response_hop_limit": 1,
                "http_tokens": "optional",
                "instance_metadata_tags": "disabled"
              }
            ],
            "monitoring": false,
            "network_interface": [],
            "outpost_arn": "",
            "password_data": "",
            "placement_group": "",
            "placement_partition_number": 0,
            "primary_network_interface_id": "eni-0686b7a8e5a04feef",
            "private_dns": "ip-172-31-8-166.ec2.internal",
            "private_dns_name_options": [
              {
                "enable_resource_name_dns_a_record": false,
                "enable_resource_name_dns_aaaa_record": false,
                "hostname_type": "ip-name"
              }
            ],
            "private_ip": "172.31.8.166",
            "public_dns": "ec2-3-239-192-219.compute-1.amazonaws.com",
            "public_ip": "3.239.192.219",
            "root_block_device": [
              {
                "delete_on_termination": true,
                "device_name": "/dev/sda1",
                "encrypted": false,
                "iops": 3000,
                "kms_key_id": "",
                "tags": {},
                "tags_all": {},
                "throughput": 125,
                "volume_id": "vol-0fabd32fd3000f86f",
                "volume_size": 20,
                "volume_type": "gp3"
              }
            ],
            "secondary_private_ips": [],
            "security_groups": [
              "banking-peak-load-k6-runner"
            ],
            "source_dest_check": true,
            "spot_instance_request_id": "",
            "subnet_id": "subnet-05013affe45d92701",
            "tags": {
              "Name": "banking-peak-load-k6-runner",
              "Project": "banking-peak-load"
            },
            "tags_all": {
              "Name": "banking-peak-load-k6-runner",
              "Project": "banking-peak-load"
            },
            "tenancy": "default",
            "timeouts": null,
            "user_data": "69fb13ae070d56b0ed06db04fd126b0eda6e1948",
            "user_data_base64": null,
            "user_data_replace_on_change": false,
            "volume_tags": null,
            "vpc_security_group_ids": [
              "sg-0470602fa7d34104d"
            ]
          },
          "sensitive_attributes": [],
          "identity_schema_version": 0,
          "private": "eyJlMmJmYjczMC1lY2FhLTExZTYtOGY4OC0zNDM2M2JjN2M0YzAiOnsiY3JlYXRlIjo2MDAwMDAwMDAwMDAsImRlbGV0ZSI6MTIwMDAwMDAwMDAwMCwicmVhZCI6OTAwMDAwMDAwMDAwLCJ1cGRhdGUiOjYwMDAwMDAwMDAwMH0sInNjaGVtYV92ZXJzaW9uIjoiMSJ9",
          "dependencies": [
            "aws_key_pair.k6_runner",
            "aws_security_group.k6_runner",
            "data.aws_ami.ubuntu",
            "data.aws_vpc.default"
          ]
        }
      ]
    },
    {
      "mode": "managed",
      "type": "aws_key_pair",
      "name": "k6_runner",
      "provider": "provider[\"registry.terraform.io/hashicorp/aws\"]",
      "instances": [
        {
          "schema_version": 1,
          "attributes": {
            "arn": "arn:aws:ec2:us-east-1:246873540273:key-pair/banking-peak-load-k6-runner-key",
            "fingerprint": "46:35:96:f0:54:b3:dd:f5:20:56:44:15:88:5e:3f:44",
            "id": "banking-peak-load-k6-runner-key",
            "key_name": "banking-peak-load-k6-runner-key",
            "key_name_prefix": "",
            "key_pair_id": "key-0461b264f275a9b67",
            "key_type": "rsa",
            "public_key": "ssh-rsa AAAAB3NzaC1yc2EAAAADAQABAAACAQDBviZnIWFRPQH3hfU5qpQ20RJer1F0Mz4jFV6lI0Q5v7U8h+KnKKPGttN9aM+ylaEQj+xGj+EdityPyXWdaZJ5DsAMD3zQNc42R6CpvFujDUF18kHt9XWw7wirUDOJ76OJ17Im9GDzSYZnBwWWu1mV+V1k2MOoObr9mWmYLCjtFR0spRb33Gl9pfj9V/4MsB+BfQYgmJGcVNIrJ8KHVv7NCpd6Z3YzmR7TtCCYAsoQphIBVE/Pui4y4sXuBE3pXiFBsC+gAeG3LgdLjEucdj7DCEIlhiG/acevyYPFdtJ9yusTowgWemhbYQlQk7c9UY58Lc6yGmHYmuvXNw17o6FRJJuPsdC/TPy1kZOqI+SKe71D2MUZSP8+u/V3ZxpOqgmEwr5a34bB7F70Hv7oemtiWr/egCt6KnCk2no0X4QEUdu0Hlrv5aV/5AtD6gOKMy7ZHgT6cKEH1dWFiFjkgJZtwSPvOxPI9vlpRAE3dB9nN0tpgusgYbkWb5htPMpBQZWjaySXHmEDut66hcuRO78KoBkIjNPMgI8IsZLNLuk9kgLYFQK+TlaJHlJ7AcT2FNAqlWZgOHojR1AWAF1XXv1fCwIkmo15Rop5yljH0UnmPtNpLlyOzDQOXwWkQeHjukdoLpr4tCH0N+6+jhDIYhComanXasGsGSqArW7B3n/Tew== yurcel@marquisccel",
            "tags": {
              "Name": "banking-peak-load-k6-runner-key",
              "Project": "banking-peak-load"
            },
            "tags_all": {
              "Name": "banking-peak-load-k6-runner-key",
              "Project": "banking-peak-load"
            }
          },
          "sensitive_attributes": [],
          "identity_schema_version": 0,
          "private": "eyJzY2hlbWFfdmVyc2lvbiI6IjEifQ=="
        }
      ]
    },
    {
      "mode": "managed",
      "type": "aws_security_group",
      "name": "k6_runner",
      "provider": "provider[\"registry.terraform.io/hashicorp/aws\"]",
      "instances": [
        {
          "schema_version": 1,
          "attributes": {
            "arn": "arn:aws:ec2:us-east-1:246873540273:security-group/sg-0470602fa7d34104d",
            "description": "Security group for k6 load test runner",
            "egress": [
              {
                "cidr_blocks": [
                  "0.0.0.0/0"
                ],
                "description": "All outbound",
                "from_port": 0,
                "ipv6_cidr_blocks": [],
                "prefix_list_ids": [],
                "protocol": "-1",
                "security_groups": [],
                "self": false,
                "to_port": 0
              }
            ],
            "id": "sg-0470602fa7d34104d",
            "ingress": [
              {
                "cidr_blocks": [
                  "0.0.0.0/0"
                ],
                "description": "SSH",
                "from_port": 22,
                "ipv6_cidr_blocks": [],
                "prefix_list_ids": [],
                "protocol": "tcp",
                "security_groups": [],
                "self": false,
                "to_port": 22
              }
            ],
            "name": "banking-peak-load-k6-runner",
            "name_prefix": "",
            "owner_id": "246873540273",
            "revoke_rules_on_delete": false,
            "tags": {
              "Name": "banking-peak-load-k6-runner-sg",
              "Project": "banking-peak-load"
            },
            "tags_all": {
              "Name": "banking-peak-load-k6-runner-sg",
              "Project": "banking-peak-load"
            },
            "timeouts": null,
            "vpc_id": "vpc-01426d0cb1c744cc7"
          },
          "sensitive_attributes": [],
          "identity_schema_version": 0,
          "private": "eyJlMmJmYjczMC1lY2FhLTExZTYtOGY4OC0zNDM2M2JjN2M0YzAiOnsiY3JlYXRlIjo2MDAwMDAwMDAwMDAsImRlbGV0ZSI6OTAwMDAwMDAwMDAwfSwic2NoZW1hX3ZlcnNpb24iOiIxIn0=",
          "dependencies": [
            "data.aws_vpc.default"
          ]
        }
      ]
    }
  ],
  "check_results": null
}
